
Microsoft Visual Studio Solution File, Format Version 12.00
# Visual Studio Version 17
VisualStudioVersion = 17.3.32929.385
MinimumVisualStudioVersion = 10.0.40219.1
Project("{FAE04EC0-301F-11D3-BF4B-00C04F79EFBC}") = "Denemeson", "Denemeson\Denemeson.csproj", "{B2B7EB30-6863-4A31-B58B-6A1F67898DDD}"
EndProject
Global
	GlobalSection(SolutionConfigurationPlatforms) = preSolution
		Debug|Any CPU = Debug|Any CPU
		Release|Any CPU = Release|Any CPU
	EndGlobalSection
	GlobalSection(ProjectConfigurationPlatforms) = postSolution
		{B2B7EB30-6863-4A31-B58B-6A1F67898DDD}.Debug|Any CPU.ActiveCfg = Debug|Any CPU
		{B2B7EB30-6863-4A31-B58B-6A1F67898DDD}.Debug|Any CPU.Build.0 = Debug|Any CPU
		{B2B7EB30-6863-4A31-B58B-6A1F67898DDD}.Release|Any CPU.ActiveCfg = Release|Any CPU
		{B2B7EB30-6863-4A31-B58B-6A1F67898DDD}.Release|Any CPU.Build.0 = Release|Any CPU
	EndGlobalSection
	GlobalSection(SolutionProperties) = preSolution
		HideSolutionNode = FALSE
	EndGlobalSection
	GlobalSection(ExtensibilityGlobals) = postSolution
		SolutionGuid = {9F7CD5E0-6912-4CD5-B3A9-B2578D98881D}
	EndGlobalSection
EndGlobal
